# THIS IS AN AUTOGENERATED FILE. DO NOT EDIT THIS FILE DIRECTLY.
# yarn lockfile v1


jest-runner-groups@^2.2.0:
  version "2.2.0"
  resolved "https://registry.yarnpkg.com/jest-runner-groups/-/jest-runner-groups-2.2.0.tgz#e8ac453322c1f001086f4ea0299b8c4c5bd89166"
  integrity sha512-Sp/B9ZX0CDAKa9dIkgH0sGyl2eDuScV4SVvOxqhBMxqWpsNAkmol/C58aTFmPWZj+C0ZTW1r1BSu66MTCN+voA==
